<?xml version="1.0" encoding="utf-8"?>
<Project ToolsVersion="17.0" xmlns="http://schemas.microsoft.com/developer/msbuild/2003">
  <ItemGroup>
    <ClCompile Include="C:\zenith\daw\modules\zenith-core\tests\ProjectStateTests.cpp">
      <Filter>Source Files</Filter>
    </ClCompile>
    <ClCompile Include="C:\zenith\daw\modules\zenith-core\src\ProjectState.cpp">
      <Filter>Source Files</Filter>
    </ClCompile>
    <ClCompile Include="C:\zenith\daw\build_skia\_deps\juce-src\modules\juce_core\juce_core.cpp">
      <Filter>Source Files</Filter>
    </ClCompile>
    <ClCompile Include="C:\zenith\daw\build_skia\_deps\juce-src\modules\juce_core\juce_core_CompilationTime.cpp">
      <Filter>Source Files</Filter>
    </ClCompile>
    <ClCompile Include="C:\zenith\daw\build_skia\_deps\juce-src\modules\juce_data_structures\juce_data_structures.cpp">
      <Filter>Source Files</Filter>
    </ClCompile>
    <ClCompile Include="C:\zenith\daw\build_skia\_deps\juce-src\modules\juce_events\juce_events.cpp">
      <Filter>Source Files</Filter>
    </ClCompile>
  </ItemGroup>
  <ItemGroup>
    <CustomBuild Include="C:\zenith\daw\modules\zenith-core\CMakeLists.txt" />
  </ItemGroup>
  <ItemGroup>
    <Object Include="C:\zenith\daw\build_skia\modules\zenith-core\ProjectStateTests_rc_lib.dir\$(Configuration)\ProjectStateTests_resources.res">
      <Filter>Object Libraries</Filter>
    </Object>
  </ItemGroup>
  <ItemGroup>
    <Filter Include="Object Libraries">
      <UniqueIdentifier>{C8F6F608-6F2B-3CFB-B731-3B922C2F5455}</UniqueIdentifier>
    </Filter>
    <Filter Include="Source Files">
      <UniqueIdentifier>{55B36459-12FE-3689-B09A-8EACD67FB195}</UniqueIdentifier>
    </Filter>
  </ItemGroup>
</Project>
