
Microsoft Visual Studio Solution File, Format Version 12.00
# Visual Studio Version 17
Project("{2150E333-8FDC-42A3-9474-1A3956D46DE8}") = "CMakePredefinedTargets", "CMakePredefinedTargets", "{D436053A-BD38-3B80-A861-80E8AF03D87B}"
EndProject
Project("{8BC9CEB8-8B4A-11D0-8D11-00A0C91BC942}") = "ALL_BUILD", "ALL_BUILD.vcxproj", "{5A8C8BC8-A215-344D-B9FB-AD63362974B1}"
	ProjectSection(ProjectDependencies) = postProject
		{DC50593C-3364-32C9-9348-2E56E02B1401} = {DC50593C-3364-32C9-9348-2E56E02B1401}
		{00CFDC55-9557-33FE-A678-DA6670E1839C} = {00CFDC55-9557-33FE-A678-DA6670E1839C}
		{477AF66D-1ABA-3C9F-A406-E43F741AC8F8} = {477AF66D-1ABA-3C9F-A406-E43F741AC8F8}
		{E4C3C0F2-7EB6-3C24-A47F-0568DC34CA8C} = {E4C3C0F2-7EB6-3C24-A47F-0568DC34CA8C}
		{1D27A8DE-7648-38A0-AAD9-EFE9B8ABCD52} = {1D27A8DE-7648-38A0-AAD9-EFE9B8ABCD52}
		{1B8DBF49-9212-3AD8-A6AB-2ACCB488511E} = {1B8DBF49-9212-3AD8-A6AB-2ACCB488511E}
		{FBC1121F-BD5D-347B-B01A-85EA666BF078} = {FBC1121F-BD5D-347B-B01A-85EA666BF078}
		{5CF5E40D-9DA5-365E-A120-52ECA609E019} = {5CF5E40D-9DA5-365E-A120-52ECA609E019}
		{BA7D756C-DAC0-3407-A079-409CDACF6E60} = {BA7D756C-DAC0-3407-A079-409CDACF6E60}
		{D41FE220-F955-344C-96B0-06B6B7CB3194} = {D41FE220-F955-344C-96B0-06B6B7CB3194}
		{95277077-10CB-39D6-859D-1B0BD4821275} = {95277077-10CB-39D6-859D-1B0BD4821275}
		{DB995E40-F36A-3292-AE48-135F37A0ABE4} = {DB995E40-F36A-3292-AE48-135F37A0ABE4}
		{6998876D-94DE-3B3F-84FB-C34735F50AA8} = {6998876D-94DE-3B3F-84FB-C34735F50AA8}
		{CD6C439C-B833-3F8F-8B08-196FADC3EAC1} = {CD6C439C-B833-3F8F-8B08-196FADC3EAC1}
		{9F028853-2DBC-3B53-A7DC-36C318D15384} = {9F028853-2DBC-3B53-A7DC-36C318D15384}
		{539E78D2-A651-3437-A506-1D5F7C201E48} = {539E78D2-A651-3437-A506-1D5F7C201E48}
		{36C51784-892B-32CF-AFD0-8F916C84A970} = {36C51784-892B-32CF-AFD0-8F916C84A970}
	EndProjectSection
EndProject
Project("{8BC9CEB8-8B4A-11D0-8D11-00A0C91BC942}") = "INSTALL", "INSTALL.vcxproj", "{DCFE7647-5EF6-348D-92CB-492E9D0CD125}"
	ProjectSection(ProjectDependencies) = postProject
		{5A8C8BC8-A215-344D-B9FB-AD63362974B1} = {5A8C8BC8-A215-344D-B9FB-AD63362974B1}
		{9F028853-2DBC-3B53-A7DC-36C318D15384} = {9F028853-2DBC-3B53-A7DC-36C318D15384}
	EndProjectSection
EndProject
Project("{8BC9CEB8-8B4A-11D0-8D11-00A0C91BC942}") = "InstrumentValidationTests", "InstrumentValidationTests.vcxproj", "{DC50593C-3364-32C9-9348-2E56E02B1401}"
	ProjectSection(ProjectDependencies) = postProject
		{00CFDC55-9557-33FE-A678-DA6670E1839C} = {00CFDC55-9557-33FE-A678-DA6670E1839C}
		{9F028853-2DBC-3B53-A7DC-36C318D15384} = {9F028853-2DBC-3B53-A7DC-36C318D15384}
	EndProjectSection
EndProject
Project("{8BC9CEB8-8B4A-11D0-8D11-00A0C91BC942}") = "InstrumentValidationTests_rc_lib", "InstrumentValidationTests_rc_lib.vcxproj", "{00CFDC55-9557-33FE-A678-DA6670E1839C}"
	ProjectSection(ProjectDependencies) = postProject
		{9F028853-2DBC-3B53-A7DC-36C318D15384} = {9F028853-2DBC-3B53-A7DC-36C318D15384}
	EndProjectSection
EndProject
Project("{8BC9CEB8-8B4A-11D0-8D11-00A0C91BC942}") = "PresetRegressionTests", "PresetRegressionTests.vcxproj", "{477AF66D-1ABA-3C9F-A406-E43F741AC8F8}"
	ProjectSection(ProjectDependencies) = postProject
		{E4C3C0F2-7EB6-3C24-A47F-0568DC34CA8C} = {E4C3C0F2-7EB6-3C24-A47F-0568DC34CA8C}
		{9F028853-2DBC-3B53-A7DC-36C318D15384} = {9F028853-2DBC-3B53-A7DC-36C318D15384}
	EndProjectSection
EndProject
Project("{8BC9CEB8-8B4A-11D0-8D11-00A0C91BC942}") = "PresetRegressionTests_rc_lib", "PresetRegressionTests_rc_lib.vcxproj", "{E4C3C0F2-7EB6-3C24-A47F-0568DC34CA8C}"
	ProjectSection(ProjectDependencies) = postProject
		{9F028853-2DBC-3B53-A7DC-36C318D15384} = {9F028853-2DBC-3B53-A7DC-36C318D15384}
	EndProjectSection
EndProject
Project("{8BC9CEB8-8B4A-11D0-8D11-00A0C91BC942}") = "ProjectStateTests", "ProjectStateTests.vcxproj", "{1D27A8DE-7648-38A0-AAD9-EFE9B8ABCD52}"
	ProjectSection(ProjectDependencies) = postProject
		{1B8DBF49-9212-3AD8-A6AB-2ACCB488511E} = {1B8DBF49-9212-3AD8-A6AB-2ACCB488511E}
		{9F028853-2DBC-3B53-A7DC-36C318D15384} = {9F028853-2DBC-3B53-A7DC-36C318D15384}
	EndProjectSection
EndProject
Project("{8BC9CEB8-8B4A-11D0-8D11-00A0C91BC942}") = "ProjectStateTests_rc_lib", "ProjectStateTests_rc_lib.vcxproj", "{1B8DBF49-9212-3AD8-A6AB-2ACCB488511E}"
	ProjectSection(ProjectDependencies) = postProject
		{9F028853-2DBC-3B53-A7DC-36C318D15384} = {9F028853-2DBC-3B53-A7DC-36C318D15384}
	EndProjectSection
EndProject
Project("{8BC9CEB8-8B4A-11D0-8D11-00A0C91BC942}") = "RecordingAutomationTests", "RecordingAutomationTests.vcxproj", "{FBC1121F-BD5D-347B-B01A-85EA666BF078}"
	ProjectSection(ProjectDependencies) = postProject
		{5CF5E40D-9DA5-365E-A120-52ECA609E019} = {5CF5E40D-9DA5-365E-A120-52ECA609E019}
		{9F028853-2DBC-3B53-A7DC-36C318D15384} = {9F028853-2DBC-3B53-A7DC-36C318D15384}
	EndProjectSection
EndProject
Project("{8BC9CEB8-8B4A-11D0-8D11-00A0C91BC942}") = "RecordingAutomationTests_rc_lib", "RecordingAutomationTests_rc_lib.vcxproj", "{5CF5E40D-9DA5-365E-A120-52ECA609E019}"
	ProjectSection(ProjectDependencies) = postProject
		{9F028853-2DBC-3B53-A7DC-36C318D15384} = {9F028853-2DBC-3B53-A7DC-36C318D15384}
	EndProjectSection
EndProject
Project("{8BC9CEB8-8B4A-11D0-8D11-00A0C91BC942}") = "SkiaSimpleTest", "SkiaSimpleTest.vcxproj", "{BA7D756C-DAC0-3407-A079-409CDACF6E60}"
	ProjectSection(ProjectDependencies) = postProject
		{D41FE220-F955-344C-96B0-06B6B7CB3194} = {D41FE220-F955-344C-96B0-06B6B7CB3194}
		{9F028853-2DBC-3B53-A7DC-36C318D15384} = {9F028853-2DBC-3B53-A7DC-36C318D15384}
	EndProjectSection
EndProject
Project("{8BC9CEB8-8B4A-11D0-8D11-00A0C91BC942}") = "SkiaSimpleTest_rc_lib", "SkiaSimpleTest_rc_lib.vcxproj", "{D41FE220-F955-344C-96B0-06B6B7CB3194}"
	ProjectSection(ProjectDependencies) = postProject
		{9F028853-2DBC-3B53-A7DC-36C318D15384} = {9F028853-2DBC-3B53-A7DC-36C318D15384}
	EndProjectSection
EndProject
Project("{8BC9CEB8-8B4A-11D0-8D11-00A0C91BC942}") = "TempoTests", "TempoTests.vcxproj", "{95277077-10CB-39D6-859D-1B0BD4821275}"
	ProjectSection(ProjectDependencies) = postProject
		{DB995E40-F36A-3292-AE48-135F37A0ABE4} = {DB995E40-F36A-3292-AE48-135F37A0ABE4}
		{9F028853-2DBC-3B53-A7DC-36C318D15384} = {9F028853-2DBC-3B53-A7DC-36C318D15384}
	EndProjectSection
EndProject
Project("{8BC9CEB8-8B4A-11D0-8D11-00A0C91BC942}") = "TempoTests_rc_lib", "TempoTests_rc_lib.vcxproj", "{DB995E40-F36A-3292-AE48-135F37A0ABE4}"
	ProjectSection(ProjectDependencies) = postProject
		{9F028853-2DBC-3B53-A7DC-36C318D15384} = {9F028853-2DBC-3B53-A7DC-36C318D15384}
	EndProjectSection
EndProject
Project("{8BC9CEB8-8B4A-11D0-8D11-00A0C91BC942}") = "TrackInstrumentIntegrationTests", "TrackInstrumentIntegrationTests.vcxproj", "{6998876D-94DE-3B3F-84FB-C34735F50AA8}"
	ProjectSection(ProjectDependencies) = postProject
		{CD6C439C-B833-3F8F-8B08-196FADC3EAC1} = {CD6C439C-B833-3F8F-8B08-196FADC3EAC1}
		{9F028853-2DBC-3B53-A7DC-36C318D15384} = {9F028853-2DBC-3B53-A7DC-36C318D15384}
	EndProjectSection
EndProject
Project("{8BC9CEB8-8B4A-11D0-8D11-00A0C91BC942}") = "TrackInstrumentIntegrationTests_rc_lib", "TrackInstrumentIntegrationTests_rc_lib.vcxproj", "{CD6C439C-B833-3F8F-8B08-196FADC3EAC1}"
	ProjectSection(ProjectDependencies) = postProject
		{9F028853-2DBC-3B53-A7DC-36C318D15384} = {9F028853-2DBC-3B53-A7DC-36C318D15384}
	EndProjectSection
EndProject
Project("{8BC9CEB8-8B4A-11D0-8D11-00A0C91BC942}") = "ZERO_CHECK", "..\..\\ZERO_CHECK.vcxproj", "{9F028853-2DBC-3B53-A7DC-36C318D15384}"
	ProjectSection(ProjectDependencies) = postProject
	EndProjectSection
EndProject
Project("{8BC9CEB8-8B4A-11D0-8D11-00A0C91BC942}") = "ZenithDAW", "ZenithDAW.vcxproj", "{539E78D2-A651-3437-A506-1D5F7C201E48}"
	ProjectSection(ProjectDependencies) = postProject
		{9F028853-2DBC-3B53-A7DC-36C318D15384} = {9F028853-2DBC-3B53-A7DC-36C318D15384}
		{36C51784-892B-32CF-AFD0-8F916C84A970} = {36C51784-892B-32CF-AFD0-8F916C84A970}
	EndProjectSection
EndProject
Project("{8BC9CEB8-8B4A-11D0-8D11-00A0C91BC942}") = "ZenithDAW_rc_lib", "ZenithDAW_rc_lib.vcxproj", "{36C51784-892B-32CF-AFD0-8F916C84A970}"
	ProjectSection(ProjectDependencies) = postProject
		{9F028853-2DBC-3B53-A7DC-36C318D15384} = {9F028853-2DBC-3B53-A7DC-36C318D15384}
	EndProjectSection
EndProject
Global
	GlobalSection(SolutionConfigurationPlatforms) = preSolution
		Debug|x64 = Debug|x64
		Release|x64 = Release|x64
		MinSizeRel|x64 = MinSizeRel|x64
		RelWithDebInfo|x64 = RelWithDebInfo|x64
	EndGlobalSection
	GlobalSection(ProjectConfigurationPlatforms) = postSolution
		{5A8C8BC8-A215-344D-B9FB-AD63362974B1}.Debug|x64.ActiveCfg = Debug|x64
		{5A8C8BC8-A215-344D-B9FB-AD63362974B1}.Debug|x64.Build.0 = Debug|x64
		{5A8C8BC8-A215-344D-B9FB-AD63362974B1}.Release|x64.ActiveCfg = Release|x64
		{5A8C8BC8-A215-344D-B9FB-AD63362974B1}.Release|x64.Build.0 = Release|x64
		{5A8C8BC8-A215-344D-B9FB-AD63362974B1}.MinSizeRel|x64.ActiveCfg = MinSizeRel|x64
		{5A8C8BC8-A215-344D-B9FB-AD63362974B1}.MinSizeRel|x64.Build.0 = MinSizeRel|x64
		{5A8C8BC8-A215-344D-B9FB-AD63362974B1}.RelWithDebInfo|x64.ActiveCfg = RelWithDebInfo|x64
		{5A8C8BC8-A215-344D-B9FB-AD63362974B1}.RelWithDebInfo|x64.Build.0 = RelWithDebInfo|x64
		{DCFE7647-5EF6-348D-92CB-492E9D0CD125}.Debug|x64.ActiveCfg = Debug|x64
		{DCFE7647-5EF6-348D-92CB-492E9D0CD125}.Release|x64.ActiveCfg = Release|x64
		{DCFE7647-5EF6-348D-92CB-492E9D0CD125}.MinSizeRel|x64.ActiveCfg = MinSizeRel|x64
		{DCFE7647-5EF6-348D-92CB-492E9D0CD125}.RelWithDebInfo|x64.ActiveCfg = RelWithDebInfo|x64
		{DC50593C-3364-32C9-9348-2E56E02B1401}.Debug|x64.ActiveCfg = Debug|x64
		{DC50593C-3364-32C9-9348-2E56E02B1401}.Debug|x64.Build.0 = Debug|x64
		{DC50593C-3364-32C9-9348-2E56E02B1401}.Release|x64.ActiveCfg = Release|x64
		{DC50593C-3364-32C9-9348-2E56E02B1401}.Release|x64.Build.0 = Release|x64
		{DC50593C-3364-32C9-9348-2E56E02B1401}.MinSizeRel|x64.ActiveCfg = MinSizeRel|x64
		{DC50593C-3364-32C9-9348-2E56E02B1401}.MinSizeRel|x64.Build.0 = MinSizeRel|x64
		{DC50593C-3364-32C9-9348-2E56E02B1401}.RelWithDebInfo|x64.ActiveCfg = RelWithDebInfo|x64
		{DC50593C-3364-32C9-9348-2E56E02B1401}.RelWithDebInfo|x64.Build.0 = RelWithDebInfo|x64
		{00CFDC55-9557-33FE-A678-DA6670E1839C}.Debug|x64.ActiveCfg = Debug|x64
		{00CFDC55-9557-33FE-A678-DA6670E1839C}.Debug|x64.Build.0 = Debug|x64
		{00CFDC55-9557-33FE-A678-DA6670E1839C}.Release|x64.ActiveCfg = Release|x64
		{00CFDC55-9557-33FE-A678-DA6670E1839C}.Release|x64.Build.0 = Release|x64
		{00CFDC55-9557-33FE-A678-DA6670E1839C}.MinSizeRel|x64.ActiveCfg = MinSizeRel|x64
		{00CFDC55-9557-33FE-A678-DA6670E1839C}.MinSizeRel|x64.Build.0 = MinSizeRel|x64
		{00CFDC55-9557-33FE-A678-DA6670E1839C}.RelWithDebInfo|x64.ActiveCfg = RelWithDebInfo|x64
		{00CFDC55-9557-33FE-A678-DA6670E1839C}.RelWithDebInfo|x64.Build.0 = RelWithDebInfo|x64
		{477AF66D-1ABA-3C9F-A406-E43F741AC8F8}.Debug|x64.ActiveCfg = Debug|x64
		{477AF66D-1ABA-3C9F-A406-E43F741AC8F8}.Debug|x64.Build.0 = Debug|x64
		{477AF66D-1ABA-3C9F-A406-E43F741AC8F8}.Release|x64.ActiveCfg = Release|x64
		{477AF66D-1ABA-3C9F-A406-E43F741AC8F8}.Release|x64.Build.0 = Release|x64
		{477AF66D-1ABA-3C9F-A406-E43F741AC8F8}.MinSizeRel|x64.ActiveCfg = MinSizeRel|x64
		{477AF66D-1ABA-3C9F-A406-E43F741AC8F8}.MinSizeRel|x64.Build.0 = MinSizeRel|x64
		{477AF66D-1ABA-3C9F-A406-E43F741AC8F8}.RelWithDebInfo|x64.ActiveCfg = RelWithDebInfo|x64
		{477AF66D-1ABA-3C9F-A406-E43F741AC8F8}.RelWithDebInfo|x64.Build.0 = RelWithDebInfo|x64
		{E4C3C0F2-7EB6-3C24-A47F-0568DC34CA8C}.Debug|x64.ActiveCfg = Debug|x64
		{E4C3C0F2-7EB6-3C24-A47F-0568DC34CA8C}.Debug|x64.Build.0 = Debug|x64
		{E4C3C0F2-7EB6-3C24-A47F-0568DC34CA8C}.Release|x64.ActiveCfg = Release|x64
		{E4C3C0F2-7EB6-3C24-A47F-0568DC34CA8C}.Release|x64.Build.0 = Release|x64
		{E4C3C0F2-7EB6-3C24-A47F-0568DC34CA8C}.MinSizeRel|x64.ActiveCfg = MinSizeRel|x64
		{E4C3C0F2-7EB6-3C24-A47F-0568DC34CA8C}.MinSizeRel|x64.Build.0 = MinSizeRel|x64
		{E4C3C0F2-7EB6-3C24-A47F-0568DC34CA8C}.RelWithDebInfo|x64.ActiveCfg = RelWithDebInfo|x64
		{E4C3C0F2-7EB6-3C24-A47F-0568DC34CA8C}.RelWithDebInfo|x64.Build.0 = RelWithDebInfo|x64
		{1D27A8DE-7648-38A0-AAD9-EFE9B8ABCD52}.Debug|x64.ActiveCfg = Debug|x64
		{1D27A8DE-7648-38A0-AAD9-EFE9B8ABCD52}.Debug|x64.Build.0 = Debug|x64
		{1D27A8DE-7648-38A0-AAD9-EFE9B8ABCD52}.Release|x64.ActiveCfg = Release|x64
		{1D27A8DE-7648-38A0-AAD9-EFE9B8ABCD52}.Release|x64.Build.0 = Release|x64
		{1D27A8DE-7648-38A0-AAD9-EFE9B8ABCD52}.MinSizeRel|x64.ActiveCfg = MinSizeRel|x64
		{1D27A8DE-7648-38A0-AAD9-EFE9B8ABCD52}.MinSizeRel|x64.Build.0 = MinSizeRel|x64
		{1D27A8DE-7648-38A0-AAD9-EFE9B8ABCD52}.RelWithDebInfo|x64.ActiveCfg = RelWithDebInfo|x64
		{1D27A8DE-7648-38A0-AAD9-EFE9B8ABCD52}.RelWithDebInfo|x64.Build.0 = RelWithDebInfo|x64
		{1B8DBF49-9212-3AD8-A6AB-2ACCB488511E}.Debug|x64.ActiveCfg = Debug|x64
		{1B8DBF49-9212-3AD8-A6AB-2ACCB488511E}.Debug|x64.Build.0 = Debug|x64
		{1B8DBF49-9212-3AD8-A6AB-2ACCB488511E}.Release|x64.ActiveCfg = Release|x64
		{1B8DBF49-9212-3AD8-A6AB-2ACCB488511E}.Release|x64.Build.0 = Release|x64
		{1B8DBF49-9212-3AD8-A6AB-2ACCB488511E}.MinSizeRel|x64.ActiveCfg = MinSizeRel|x64
		{1B8DBF49-9212-3AD8-A6AB-2ACCB488511E}.MinSizeRel|x64.Build.0 = MinSizeRel|x64
		{1B8DBF49-9212-3AD8-A6AB-2ACCB488511E}.RelWithDebInfo|x64.ActiveCfg = RelWithDebInfo|x64
		{1B8DBF49-9212-3AD8-A6AB-2ACCB488511E}.RelWithDebInfo|x64.Build.0 = RelWithDebInfo|x64
		{FBC1121F-BD5D-347B-B01A-85EA666BF078}.Debug|x64.ActiveCfg = Debug|x64
		{FBC1121F-BD5D-347B-B01A-85EA666BF078}.Debug|x64.Build.0 = Debug|x64
		{FBC1121F-BD5D-347B-B01A-85EA666BF078}.Release|x64.ActiveCfg = Release|x64
		{FBC1121F-BD5D-347B-B01A-85EA666BF078}.Release|x64.Build.0 = Release|x64
		{FBC1121F-BD5D-347B-B01A-85EA666BF078}.MinSizeRel|x64.ActiveCfg = MinSizeRel|x64
		{FBC1121F-BD5D-347B-B01A-85EA666BF078}.MinSizeRel|x64.Build.0 = MinSizeRel|x64
		{FBC1121F-BD5D-347B-B01A-85EA666BF078}.RelWithDebInfo|x64.ActiveCfg = RelWithDebInfo|x64
		{FBC1121F-BD5D-347B-B01A-85EA666BF078}.RelWithDebInfo|x64.Build.0 = RelWithDebInfo|x64
		{5CF5E40D-9DA5-365E-A120-52ECA609E019}.Debug|x64.ActiveCfg = Debug|x64
		{5CF5E40D-9DA5-365E-A120-52ECA609E019}.Debug|x64.Build.0 = Debug|x64
		{5CF5E40D-9DA5-365E-A120-52ECA609E019}.Release|x64.ActiveCfg = Release|x64
		{5CF5E40D-9DA5-365E-A120-52ECA609E019}.Release|x64.Build.0 = Release|x64
		{5CF5E40D-9DA5-365E-A120-52ECA609E019}.MinSizeRel|x64.ActiveCfg = MinSizeRel|x64
		{5CF5E40D-9DA5-365E-A120-52ECA609E019}.MinSizeRel|x64.Build.0 = MinSizeRel|x64
		{5CF5E40D-9DA5-365E-A120-52ECA609E019}.RelWithDebInfo|x64.ActiveCfg = RelWithDebInfo|x64
		{5CF5E40D-9DA5-365E-A120-52ECA609E019}.RelWithDebInfo|x64.Build.0 = RelWithDebInfo|x64
		{BA7D756C-DAC0-3407-A079-409CDACF6E60}.Debug|x64.ActiveCfg = Debug|x64
		{BA7D756C-DAC0-3407-A079-409CDACF6E60}.Debug|x64.Build.0 = Debug|x64
		{BA7D756C-DAC0-3407-A079-409CDACF6E60}.Release|x64.ActiveCfg = Release|x64
		{BA7D756C-DAC0-3407-A079-409CDACF6E60}.Release|x64.Build.0 = Release|x64
		{BA7D756C-DAC0-3407-A079-409CDACF6E60}.MinSizeRel|x64.ActiveCfg = MinSizeRel|x64
		{BA7D756C-DAC0-3407-A079-409CDACF6E60}.MinSizeRel|x64.Build.0 = MinSizeRel|x64
		{BA7D756C-DAC0-3407-A079-409CDACF6E60}.RelWithDebInfo|x64.ActiveCfg = RelWithDebInfo|x64
		{BA7D756C-DAC0-3407-A079-409CDACF6E60}.RelWithDebInfo|x64.Build.0 = RelWithDebInfo|x64
		{D41FE220-F955-344C-96B0-06B6B7CB3194}.Debug|x64.ActiveCfg = Debug|x64
		{D41FE220-F955-344C-96B0-06B6B7CB3194}.Debug|x64.Build.0 = Debug|x64
		{D41FE220-F955-344C-96B0-06B6B7CB3194}.Release|x64.ActiveCfg = Release|x64
		{D41FE220-F955-344C-96B0-06B6B7CB3194}.Release|x64.Build.0 = Release|x64
		{D41FE220-F955-344C-96B0-06B6B7CB3194}.MinSizeRel|x64.ActiveCfg = MinSizeRel|x64
		{D41FE220-F955-344C-96B0-06B6B7CB3194}.MinSizeRel|x64.Build.0 = MinSizeRel|x64
		{D41FE220-F955-344C-96B0-06B6B7CB3194}.RelWithDebInfo|x64.ActiveCfg = RelWithDebInfo|x64
		{D41FE220-F955-344C-96B0-06B6B7CB3194}.RelWithDebInfo|x64.Build.0 = RelWithDebInfo|x64
		{95277077-10CB-39D6-859D-1B0BD4821275}.Debug|x64.ActiveCfg = Debug|x64
		{95277077-10CB-39D6-859D-1B0BD4821275}.Debug|x64.Build.0 = Debug|x64
		{95277077-10CB-39D6-859D-1B0BD4821275}.Release|x64.ActiveCfg = Release|x64
		{95277077-10CB-39D6-859D-1B0BD4821275}.Release|x64.Build.0 = Release|x64
		{95277077-10CB-39D6-859D-1B0BD4821275}.MinSizeRel|x64.ActiveCfg = MinSizeRel|x64
		{95277077-10CB-39D6-859D-1B0BD4821275}.MinSizeRel|x64.Build.0 = MinSizeRel|x64
		{95277077-10CB-39D6-859D-1B0BD4821275}.RelWithDebInfo|x64.ActiveCfg = RelWithDebInfo|x64
		{95277077-10CB-39D6-859D-1B0BD4821275}.RelWithDebInfo|x64.Build.0 = RelWithDebInfo|x64
		{DB995E40-F36A-3292-AE48-135F37A0ABE4}.Debug|x64.ActiveCfg = Debug|x64
		{DB995E40-F36A-3292-AE48-135F37A0ABE4}.Debug|x64.Build.0 = Debug|x64
		{DB995E40-F36A-3292-AE48-135F37A0ABE4}.Release|x64.ActiveCfg = Release|x64
		{DB995E40-F36A-3292-AE48-135F37A0ABE4}.Release|x64.Build.0 = Release|x64
		{DB995E40-F36A-3292-AE48-135F37A0ABE4}.MinSizeRel|x64.ActiveCfg = MinSizeRel|x64
		{DB995E40-F36A-3292-AE48-135F37A0ABE4}.MinSizeRel|x64.Build.0 = MinSizeRel|x64
		{DB995E40-F36A-3292-AE48-135F37A0ABE4}.RelWithDebInfo|x64.ActiveCfg = RelWithDebInfo|x64
		{DB995E40-F36A-3292-AE48-135F37A0ABE4}.RelWithDebInfo|x64.Build.0 = RelWithDebInfo|x64
		{6998876D-94DE-3B3F-84FB-C34735F50AA8}.Debug|x64.ActiveCfg = Debug|x64
		{6998876D-94DE-3B3F-84FB-C34735F50AA8}.Debug|x64.Build.0 = Debug|x64
		{6998876D-94DE-3B3F-84FB-C34735F50AA8}.Release|x64.ActiveCfg = Release|x64
		{6998876D-94DE-3B3F-84FB-C34735F50AA8}.Release|x64.Build.0 = Release|x64
		{6998876D-94DE-3B3F-84FB-C34735F50AA8}.MinSizeRel|x64.ActiveCfg = MinSizeRel|x64
		{6998876D-94DE-3B3F-84FB-C34735F50AA8}.MinSizeRel|x64.Build.0 = MinSizeRel|x64
		{6998876D-94DE-3B3F-84FB-C34735F50AA8}.RelWithDebInfo|x64.ActiveCfg = RelWithDebInfo|x64
		{6998876D-94DE-3B3F-84FB-C34735F50AA8}.RelWithDebInfo|x64.Build.0 = RelWithDebInfo|x64
		{CD6C439C-B833-3F8F-8B08-196FADC3EAC1}.Debug|x64.ActiveCfg = Debug|x64
		{CD6C439C-B833-3F8F-8B08-196FADC3EAC1}.Debug|x64.Build.0 = Debug|x64
		{CD6C439C-B833-3F8F-8B08-196FADC3EAC1}.Release|x64.ActiveCfg = Release|x64
		{CD6C439C-B833-3F8F-8B08-196FADC3EAC1}.Release|x64.Build.0 = Release|x64
		{CD6C439C-B833-3F8F-8B08-196FADC3EAC1}.MinSizeRel|x64.ActiveCfg = MinSizeRel|x64
		{CD6C439C-B833-3F8F-8B08-196FADC3EAC1}.MinSizeRel|x64.Build.0 = MinSizeRel|x64
		{CD6C439C-B833-3F8F-8B08-196FADC3EAC1}.RelWithDebInfo|x64.ActiveCfg = RelWithDebInfo|x64
		{CD6C439C-B833-3F8F-8B08-196FADC3EAC1}.RelWithDebInfo|x64.Build.0 = RelWithDebInfo|x64
		{9F028853-2DBC-3B53-A7DC-36C318D15384}.Debug|x64.ActiveCfg = Debug|x64
		{9F028853-2DBC-3B53-A7DC-36C318D15384}.Debug|x64.Build.0 = Debug|x64
		{9F028853-2DBC-3B53-A7DC-36C318D15384}.Release|x64.ActiveCfg = Release|x64
		{9F028853-2DBC-3B53-A7DC-36C318D15384}.Release|x64.Build.0 = Release|x64
		{9F028853-2DBC-3B53-A7DC-36C318D15384}.MinSizeRel|x64.ActiveCfg = MinSizeRel|x64
		{9F028853-2DBC-3B53-A7DC-36C318D15384}.MinSizeRel|x64.Build.0 = MinSizeRel|x64
		{9F028853-2DBC-3B53-A7DC-36C318D15384}.RelWithDebInfo|x64.ActiveCfg = RelWithDebInfo|x64
		{9F028853-2DBC-3B53-A7DC-36C318D15384}.RelWithDebInfo|x64.Build.0 = RelWithDebInfo|x64
		{539E78D2-A651-3437-A506-1D5F7C201E48}.Debug|x64.ActiveCfg = Debug|x64
		{539E78D2-A651-3437-A506-1D5F7C201E48}.Debug|x64.Build.0 = Debug|x64
		{539E78D2-A651-3437-A506-1D5F7C201E48}.Release|x64.ActiveCfg = Release|x64
		{539E78D2-A651-3437-A506-1D5F7C201E48}.Release|x64.Build.0 = Release|x64
		{539E78D2-A651-3437-A506-1D5F7C201E48}.MinSizeRel|x64.ActiveCfg = MinSizeRel|x64
		{539E78D2-A651-3437-A506-1D5F7C201E48}.MinSizeRel|x64.Build.0 = MinSizeRel|x64
		{539E78D2-A651-3437-A506-1D5F7C201E48}.RelWithDebInfo|x64.ActiveCfg = RelWithDebInfo|x64
		{539E78D2-A651-3437-A506-1D5F7C201E48}.RelWithDebInfo|x64.Build.0 = RelWithDebInfo|x64
		{36C51784-892B-32CF-AFD0-8F916C84A970}.Debug|x64.ActiveCfg = Debug|x64
		{36C51784-892B-32CF-AFD0-8F916C84A970}.Debug|x64.Build.0 = Debug|x64
		{36C51784-892B-32CF-AFD0-8F916C84A970}.Release|x64.ActiveCfg = Release|x64
		{36C51784-892B-32CF-AFD0-8F916C84A970}.Release|x64.Build.0 = Release|x64
		{36C51784-892B-32CF-AFD0-8F916C84A970}.MinSizeRel|x64.ActiveCfg = MinSizeRel|x64
		{36C51784-892B-32CF-AFD0-8F916C84A970}.MinSizeRel|x64.Build.0 = MinSizeRel|x64
		{36C51784-892B-32CF-AFD0-8F916C84A970}.RelWithDebInfo|x64.ActiveCfg = RelWithDebInfo|x64
		{36C51784-892B-32CF-AFD0-8F916C84A970}.RelWithDebInfo|x64.Build.0 = RelWithDebInfo|x64
	EndGlobalSection
	GlobalSection(NestedProjects) = preSolution
		{5A8C8BC8-A215-344D-B9FB-AD63362974B1} = {D436053A-BD38-3B80-A861-80E8AF03D87B}
		{DCFE7647-5EF6-348D-92CB-492E9D0CD125} = {D436053A-BD38-3B80-A861-80E8AF03D87B}
		{9F028853-2DBC-3B53-A7DC-36C318D15384} = {D436053A-BD38-3B80-A861-80E8AF03D87B}
	EndGlobalSection
	GlobalSection(ExtensibilityGlobals) = postSolution
		SolutionGuid = {7E6BEEBD-B610-313A-9FC7-82865787DAB5}
	EndGlobalSection
	GlobalSection(ExtensibilityAddIns) = postSolution
	EndGlobalSection
EndGlobal
