<?xml version="1.0" encoding="utf-8"?>
<Project ToolsVersion="17.0" xmlns="http://schemas.microsoft.com/developer/msbuild/2003">
  <ItemGroup>
    <CustomBuild Include="C:\zenith\daw\build_skia\CMakeFiles\ab0a8f78e38d0e8410d17e7a718bf57e\INSTALL_force.rule">
      <Filter>CMake Rules</Filter>
    </CustomBuild>
  </ItemGroup>
  <ItemGroup>
    <Filter Include="CMake Rules">
      <UniqueIdentifier>{10381792-EDCE-301E-B985-F31CF483DD7C}</UniqueIdentifier>
    </Filter>
  </ItemGroup>
</Project>
